
Microsoft Visual Studio Solution File, Format Version 12.00
# Visual Studio Version 16
VisualStudioVersion = 16.0.31911.196
MinimumVisualStudioVersion = 10.0.40219.1
Project("{FAE04EC0-301F-11D3-BF4B-00C04F79EFBC}") = "Module8_FinalProject_4", "Module8_FinalProject_4\Module8_FinalProject_4.csproj", "{0B1AA376-0B0A-4566-A718-B662E18EED3F}"
EndProject
Project("{FAE04EC0-301F-11D3-BF4B-00C04F79EFBC}") = "FinalTask", "FinalTask\FinalTask.csproj", "{608C9A02-40B4-4A7B-873F-E94634631A18}"
EndProject
Global
	GlobalSection(SolutionConfigurationPlatforms) = preSolution
		Debug|Any CPU = Debug|Any CPU
		Release|Any CPU = Release|Any CPU
	EndGlobalSection
	GlobalSection(ProjectConfigurationPlatforms) = postSolution
		{0B1AA376-0B0A-4566-A718-B662E18EED3F}.Debug|Any CPU.ActiveCfg = Debug|Any CPU
		{0B1AA376-0B0A-4566-A718-B662E18EED3F}.Debug|Any CPU.Build.0 = Debug|Any CPU
		{0B1AA376-0B0A-4566-A718-B662E18EED3F}.Release|Any CPU.ActiveCfg = Release|Any CPU
		{0B1AA376-0B0A-4566-A718-B662E18EED3F}.Release|Any CPU.Build.0 = Release|Any CPU
		{608C9A02-40B4-4A7B-873F-E94634631A18}.Debug|Any CPU.ActiveCfg = Debug|Any CPU
		{608C9A02-40B4-4A7B-873F-E94634631A18}.Debug|Any CPU.Build.0 = Debug|Any CPU
		{608C9A02-40B4-4A7B-873F-E94634631A18}.Release|Any CPU.ActiveCfg = Release|Any CPU
		{608C9A02-40B4-4A7B-873F-E94634631A18}.Release|Any CPU.Build.0 = Release|Any CPU
	EndGlobalSection
	GlobalSection(SolutionProperties) = preSolution
		HideSolutionNode = FALSE
	EndGlobalSection
	GlobalSection(ExtensibilityGlobals) = postSolution
		SolutionGuid = {9920114C-0424-496A-88ED-1FF634C86722}
	EndGlobalSection
EndGlobal
